
Microsoft Visual Studio Solution File, Format Version 12.00
# Visual Studio 15
VisualStudioVersion = 15.0.26730.3
MinimumVisualStudioVersion = 10.0.40219.1
Project("{8BC9CEB8-8B4A-11D0-8D11-00A0C91BC942}") = "openssl", "foreign\openssl\openssl.vcxproj", "{36580DA5-0AFE-41F6-AFB3-AF5F3BCE9248}"
EndProject
Project("{8BC9CEB8-8B4A-11D0-8D11-00A0C91BC942}") = "leveldb", "foreign\leveldb\leveldb.vcxproj", "{1F98C6EE-4D9E-48C4-9710-FD145353CEDC}"
EndProject
Project("{8BC9CEB8-8B4A-11D0-8D11-00A0C91BC942}") = "mpir", "foreign\mpir\mpir.vcxproj", "{36580DA5-0AFE-41F6-AFB3-AFEF30CE9247}"
EndProject
Project("{8BC9CEB8-8B4A-11D0-8D11-00A0C91BC942}") = "protobuf", "foreign\google\protobuf\protobuf.vcxproj", "{1F98C6EE-4D9E-48C4-9710-3D145353CEDD}"
EndProject
Project("{8BC9CEB8-8B4A-11D0-8D11-00A0C91BC942}") = "bdb", "foreign\bdb\bdb.vcxproj", "{6F98C6EE-4D9E-4EC4-9710-FD145353CEDC}"
EndProject
Project("{8BC9CEB8-8B4A-11D0-8D11-00A0C91BC942}") = "miniupnpc", "foreign\miniupnpc\miniupnpc.vcxproj", "{1F98C6E1-2DAE-78C4-9710-FD145353CEDC}"
EndProject
Project("{8BC9CEB8-8B4A-11D0-8D11-00A0C91BC942}") = "libevent", "foreign\libevent\libevent.vcxproj", "{B98ABFCE-24D4-4B70-94DE-EF7F1E0662F9}"
EndProject
Project("{8BC9CEB8-8B4A-11D0-8D11-00A0C91BC942}") = "soferox-cli", "src\soferox-cli.vcxproj", "{1630C0CD-799D-4FB6-A54B-ED164DEC0FB1}"
	ProjectSection(ProjectDependencies) = postProject
		{1630C0CD-099D-4FB6-A57B-1D164DEC0FB1} = {1630C0CD-099D-4FB6-A57B-1D164DEC0FB1}
	EndProjectSection
EndProject
Project("{8BC9CEB8-8B4A-11D0-8D11-00A0C91BC942}") = "soferox-qt", "src\soferox-qt.vcxproj", "{2620C0CD-299D-4FB6-A59B-ED164DEC0FB1}"
	ProjectSection(ProjectDependencies) = postProject
		{1630C0CD-099D-4FB6-A57B-1D164DEC0FB1} = {1630C0CD-099D-4FB6-A57B-1D164DEC0FB1}
	EndProjectSection
EndProject
Project("{8BC9CEB8-8B4A-11D0-8D11-00A0C91BC942}") = "soferox-common", "src\soferox-common.vcxproj", "{1630C0CD-099D-4FB6-A57B-1D164DEC0FB1}"
	ProjectSection(ProjectDependencies) = postProject
		{1298C6EE-439E-48C4-9710-FD145353CEDC} = {1298C6EE-439E-48C4-9710-FD145353CEDC}
	EndProjectSection
EndProject
Project("{8BC9CEB8-8B4A-11D0-8D11-00A0C91BC942}") = "soferoxd", "src\soferoxd.vcxproj", "{1630C0CD-299D-4FB6-A59B-ED164DEC0FB1}"
	ProjectSection(ProjectDependencies) = postProject
		{1630C0CD-099D-4FB6-A57B-1D164DEC0FB1} = {1630C0CD-099D-4FB6-A57B-1D164DEC0FB1}
	EndProjectSection
EndProject
Project("{8BC9CEB8-8B4A-11D0-8D11-00A0C91BC942}") = "czmq", "foreign\zmq\czmq.vcxproj", "{1298C6EE-439E-48C4-9710-FD145353CEDC}"
EndProject
Project("{8BC9CEB8-8B4A-11D0-8D11-00A0C91BC942}") = "soferox-tx", "src\soferox-tx.vcxproj", "{1630C0CD-799D-4FB6-A547-1D164DEC0FB1}"
	ProjectSection(ProjectDependencies) = postProject
		{1630C0CD-099D-4FB6-A57B-1D164DEC0FB1} = {1630C0CD-099D-4FB6-A57B-1D164DEC0FB1}
	EndProjectSection
EndProject
Global
	GlobalSection(SolutionConfigurationPlatforms) = preSolution
		D_St|x64 = D_St|x64
		D_St|x86 = D_St|x86
		Debug|x64 = Debug|x64
		Debug|x86 = Debug|x86
		R_St|x64 = R_St|x64
		R_St|x86 = R_St|x86
		Release|x64 = Release|x64
		Release|x86 = Release|x86
	EndGlobalSection
	GlobalSection(ProjectConfigurationPlatforms) = postSolution
		{36580DA5-0AFE-41F6-AFB3-AF5F3BCE9248}.D_St|x64.ActiveCfg = D_St|x64
		{36580DA5-0AFE-41F6-AFB3-AF5F3BCE9248}.D_St|x64.Build.0 = D_St|x64
		{36580DA5-0AFE-41F6-AFB3-AF5F3BCE9248}.D_St|x86.ActiveCfg = D_St|Win32
		{36580DA5-0AFE-41F6-AFB3-AF5F3BCE9248}.D_St|x86.Build.0 = D_St|Win32
		{36580DA5-0AFE-41F6-AFB3-AF5F3BCE9248}.Debug|x64.ActiveCfg = Debug|x64
		{36580DA5-0AFE-41F6-AFB3-AF5F3BCE9248}.Debug|x64.Build.0 = Debug|x64
		{36580DA5-0AFE-41F6-AFB3-AF5F3BCE9248}.Debug|x86.ActiveCfg = Debug|Win32
		{36580DA5-0AFE-41F6-AFB3-AF5F3BCE9248}.Debug|x86.Build.0 = Debug|Win32
		{36580DA5-0AFE-41F6-AFB3-AF5F3BCE9248}.R_St|x64.ActiveCfg = R_St|x64
		{36580DA5-0AFE-41F6-AFB3-AF5F3BCE9248}.R_St|x86.ActiveCfg = R_St|Win32
		{36580DA5-0AFE-41F6-AFB3-AF5F3BCE9248}.Release|x64.ActiveCfg = Release|x64
		{36580DA5-0AFE-41F6-AFB3-AF5F3BCE9248}.Release|x64.Build.0 = Release|x64
		{36580DA5-0AFE-41F6-AFB3-AF5F3BCE9248}.Release|x86.ActiveCfg = Release|Win32
		{36580DA5-0AFE-41F6-AFB3-AF5F3BCE9248}.Release|x86.Build.0 = Release|Win32
		{1F98C6EE-4D9E-48C4-9710-FD145353CEDC}.D_St|x64.ActiveCfg = D_St|x64
		{1F98C6EE-4D9E-48C4-9710-FD145353CEDC}.D_St|x64.Build.0 = D_St|x64
		{1F98C6EE-4D9E-48C4-9710-FD145353CEDC}.D_St|x86.ActiveCfg = D_St|Win32
		{1F98C6EE-4D9E-48C4-9710-FD145353CEDC}.D_St|x86.Build.0 = D_St|Win32
		{1F98C6EE-4D9E-48C4-9710-FD145353CEDC}.Debug|x64.ActiveCfg = Debug|x64
		{1F98C6EE-4D9E-48C4-9710-FD145353CEDC}.Debug|x64.Build.0 = Debug|x64
		{1F98C6EE-4D9E-48C4-9710-FD145353CEDC}.Debug|x86.ActiveCfg = Debug|Win32
		{1F98C6EE-4D9E-48C4-9710-FD145353CEDC}.Debug|x86.Build.0 = Debug|Win32
		{1F98C6EE-4D9E-48C4-9710-FD145353CEDC}.R_St|x64.ActiveCfg = R_St|x64
		{1F98C6EE-4D9E-48C4-9710-FD145353CEDC}.R_St|x86.ActiveCfg = R_St|Win32
		{1F98C6EE-4D9E-48C4-9710-FD145353CEDC}.Release|x64.ActiveCfg = Release|x64
		{1F98C6EE-4D9E-48C4-9710-FD145353CEDC}.Release|x64.Build.0 = Release|x64
		{1F98C6EE-4D9E-48C4-9710-FD145353CEDC}.Release|x86.ActiveCfg = Release|Win32
		{1F98C6EE-4D9E-48C4-9710-FD145353CEDC}.Release|x86.Build.0 = Release|Win32
		{36580DA5-0AFE-41F6-AFB3-AFEF30CE9247}.D_St|x64.ActiveCfg = D_St|x64
		{36580DA5-0AFE-41F6-AFB3-AFEF30CE9247}.D_St|x64.Build.0 = D_St|x64
		{36580DA5-0AFE-41F6-AFB3-AFEF30CE9247}.D_St|x86.ActiveCfg = D_St|Win32
		{36580DA5-0AFE-41F6-AFB3-AFEF30CE9247}.D_St|x86.Build.0 = D_St|Win32
		{36580DA5-0AFE-41F6-AFB3-AFEF30CE9247}.Debug|x64.ActiveCfg = Debug|x64
		{36580DA5-0AFE-41F6-AFB3-AFEF30CE9247}.Debug|x64.Build.0 = Debug|x64
		{36580DA5-0AFE-41F6-AFB3-AFEF30CE9247}.Debug|x86.ActiveCfg = Debug|Win32
		{36580DA5-0AFE-41F6-AFB3-AFEF30CE9247}.Debug|x86.Build.0 = Debug|Win32
		{36580DA5-0AFE-41F6-AFB3-AFEF30CE9247}.R_St|x64.ActiveCfg = R_St|x64
		{36580DA5-0AFE-41F6-AFB3-AFEF30CE9247}.R_St|x86.ActiveCfg = R_St|Win32
		{36580DA5-0AFE-41F6-AFB3-AFEF30CE9247}.Release|x64.ActiveCfg = Release|x64
		{36580DA5-0AFE-41F6-AFB3-AFEF30CE9247}.Release|x64.Build.0 = Release|x64
		{36580DA5-0AFE-41F6-AFB3-AFEF30CE9247}.Release|x86.ActiveCfg = Release|Win32
		{36580DA5-0AFE-41F6-AFB3-AFEF30CE9247}.Release|x86.Build.0 = Release|Win32
		{1F98C6EE-4D9E-48C4-9710-3D145353CEDD}.D_St|x64.ActiveCfg = D_St|x64
		{1F98C6EE-4D9E-48C4-9710-3D145353CEDD}.D_St|x64.Build.0 = D_St|x64
		{1F98C6EE-4D9E-48C4-9710-3D145353CEDD}.D_St|x86.ActiveCfg = D_St|Win32
		{1F98C6EE-4D9E-48C4-9710-3D145353CEDD}.D_St|x86.Build.0 = D_St|Win32
		{1F98C6EE-4D9E-48C4-9710-3D145353CEDD}.Debug|x64.ActiveCfg = Debug|x64
		{1F98C6EE-4D9E-48C4-9710-3D145353CEDD}.Debug|x64.Build.0 = Debug|x64
		{1F98C6EE-4D9E-48C4-9710-3D145353CEDD}.Debug|x86.ActiveCfg = Debug|Win32
		{1F98C6EE-4D9E-48C4-9710-3D145353CEDD}.Debug|x86.Build.0 = Debug|Win32
		{1F98C6EE-4D9E-48C4-9710-3D145353CEDD}.R_St|x64.ActiveCfg = R_St|x64
		{1F98C6EE-4D9E-48C4-9710-3D145353CEDD}.R_St|x86.ActiveCfg = R_St|Win32
		{1F98C6EE-4D9E-48C4-9710-3D145353CEDD}.Release|x64.ActiveCfg = Release|x64
		{1F98C6EE-4D9E-48C4-9710-3D145353CEDD}.Release|x64.Build.0 = Release|x64
		{1F98C6EE-4D9E-48C4-9710-3D145353CEDD}.Release|x86.ActiveCfg = Release|Win32
		{1F98C6EE-4D9E-48C4-9710-3D145353CEDD}.Release|x86.Build.0 = Release|Win32
		{6F98C6EE-4D9E-4EC4-9710-FD145353CEDC}.D_St|x64.ActiveCfg = D_St|x64
		{6F98C6EE-4D9E-4EC4-9710-FD145353CEDC}.D_St|x64.Build.0 = D_St|x64
		{6F98C6EE-4D9E-4EC4-9710-FD145353CEDC}.D_St|x86.ActiveCfg = D_St|Win32
		{6F98C6EE-4D9E-4EC4-9710-FD145353CEDC}.D_St|x86.Build.0 = D_St|Win32
		{6F98C6EE-4D9E-4EC4-9710-FD145353CEDC}.Debug|x64.ActiveCfg = Debug|x64
		{6F98C6EE-4D9E-4EC4-9710-FD145353CEDC}.Debug|x64.Build.0 = Debug|x64
		{6F98C6EE-4D9E-4EC4-9710-FD145353CEDC}.Debug|x86.ActiveCfg = Debug|Win32
		{6F98C6EE-4D9E-4EC4-9710-FD145353CEDC}.Debug|x86.Build.0 = Debug|Win32
		{6F98C6EE-4D9E-4EC4-9710-FD145353CEDC}.R_St|x64.ActiveCfg = R_St|x64
		{6F98C6EE-4D9E-4EC4-9710-FD145353CEDC}.R_St|x86.ActiveCfg = R_St|Win32
		{6F98C6EE-4D9E-4EC4-9710-FD145353CEDC}.Release|x64.ActiveCfg = Release|x64
		{6F98C6EE-4D9E-4EC4-9710-FD145353CEDC}.Release|x64.Build.0 = Release|x64
		{6F98C6EE-4D9E-4EC4-9710-FD145353CEDC}.Release|x86.ActiveCfg = Release|Win32
		{6F98C6EE-4D9E-4EC4-9710-FD145353CEDC}.Release|x86.Build.0 = Release|Win32
		{1F98C6E1-2DAE-78C4-9710-FD145353CEDC}.D_St|x64.ActiveCfg = D_St|x64
		{1F98C6E1-2DAE-78C4-9710-FD145353CEDC}.D_St|x64.Build.0 = D_St|x64
		{1F98C6E1-2DAE-78C4-9710-FD145353CEDC}.D_St|x86.ActiveCfg = D_St|Win32
		{1F98C6E1-2DAE-78C4-9710-FD145353CEDC}.D_St|x86.Build.0 = D_St|Win32
		{1F98C6E1-2DAE-78C4-9710-FD145353CEDC}.Debug|x64.ActiveCfg = Debug|x64
		{1F98C6E1-2DAE-78C4-9710-FD145353CEDC}.Debug|x64.Build.0 = Debug|x64
		{1F98C6E1-2DAE-78C4-9710-FD145353CEDC}.Debug|x86.ActiveCfg = Debug|Win32
		{1F98C6E1-2DAE-78C4-9710-FD145353CEDC}.Debug|x86.Build.0 = Debug|Win32
		{1F98C6E1-2DAE-78C4-9710-FD145353CEDC}.R_St|x64.ActiveCfg = R_St|x64
		{1F98C6E1-2DAE-78C4-9710-FD145353CEDC}.R_St|x86.ActiveCfg = R_St|Win32
		{1F98C6E1-2DAE-78C4-9710-FD145353CEDC}.Release|x64.ActiveCfg = Release|x64
		{1F98C6E1-2DAE-78C4-9710-FD145353CEDC}.Release|x64.Build.0 = Release|x64
		{1F98C6E1-2DAE-78C4-9710-FD145353CEDC}.Release|x86.ActiveCfg = Release|Win32
		{1F98C6E1-2DAE-78C4-9710-FD145353CEDC}.Release|x86.Build.0 = Release|Win32
		{B98ABFCE-24D4-4B70-94DE-EF7F1E0662F9}.D_St|x64.ActiveCfg = D_St|x64
		{B98ABFCE-24D4-4B70-94DE-EF7F1E0662F9}.D_St|x64.Build.0 = D_St|x64
		{B98ABFCE-24D4-4B70-94DE-EF7F1E0662F9}.D_St|x86.ActiveCfg = D_St|Win32
		{B98ABFCE-24D4-4B70-94DE-EF7F1E0662F9}.D_St|x86.Build.0 = D_St|Win32
		{B98ABFCE-24D4-4B70-94DE-EF7F1E0662F9}.Debug|x64.ActiveCfg = Debug|x64
		{B98ABFCE-24D4-4B70-94DE-EF7F1E0662F9}.Debug|x64.Build.0 = Debug|x64
		{B98ABFCE-24D4-4B70-94DE-EF7F1E0662F9}.Debug|x86.ActiveCfg = Debug|Win32
		{B98ABFCE-24D4-4B70-94DE-EF7F1E0662F9}.Debug|x86.Build.0 = Debug|Win32
		{B98ABFCE-24D4-4B70-94DE-EF7F1E0662F9}.R_St|x64.ActiveCfg = R_St|x64
		{B98ABFCE-24D4-4B70-94DE-EF7F1E0662F9}.R_St|x86.ActiveCfg = R_St|Win32
		{B98ABFCE-24D4-4B70-94DE-EF7F1E0662F9}.Release|x64.ActiveCfg = Release|x64
		{B98ABFCE-24D4-4B70-94DE-EF7F1E0662F9}.Release|x64.Build.0 = Release|x64
		{B98ABFCE-24D4-4B70-94DE-EF7F1E0662F9}.Release|x86.ActiveCfg = Release|Win32
		{B98ABFCE-24D4-4B70-94DE-EF7F1E0662F9}.Release|x86.Build.0 = Release|Win32
		{1630C0CD-799D-4FB6-A54B-ED164DEC0FB1}.D_St|x64.ActiveCfg = D_St|x64
		{1630C0CD-799D-4FB6-A54B-ED164DEC0FB1}.D_St|x64.Build.0 = D_St|x64
		{1630C0CD-799D-4FB6-A54B-ED164DEC0FB1}.D_St|x86.ActiveCfg = D_St|Win32
		{1630C0CD-799D-4FB6-A54B-ED164DEC0FB1}.D_St|x86.Build.0 = D_St|Win32
		{1630C0CD-799D-4FB6-A54B-ED164DEC0FB1}.Debug|x64.ActiveCfg = D_St|x64
		{1630C0CD-799D-4FB6-A54B-ED164DEC0FB1}.Debug|x64.Build.0 = D_St|x64
		{1630C0CD-799D-4FB6-A54B-ED164DEC0FB1}.Debug|x86.ActiveCfg = D_St|Win32
		{1630C0CD-799D-4FB6-A54B-ED164DEC0FB1}.Debug|x86.Build.0 = D_St|Win32
		{1630C0CD-799D-4FB6-A54B-ED164DEC0FB1}.R_St|x64.ActiveCfg = R_St|x64
		{1630C0CD-799D-4FB6-A54B-ED164DEC0FB1}.R_St|x64.Build.0 = R_St|x64
		{1630C0CD-799D-4FB6-A54B-ED164DEC0FB1}.R_St|x86.ActiveCfg = R_St|Win32
		{1630C0CD-799D-4FB6-A54B-ED164DEC0FB1}.R_St|x86.Build.0 = R_St|Win32
		{1630C0CD-799D-4FB6-A54B-ED164DEC0FB1}.Release|x64.ActiveCfg = R_St|x64
		{1630C0CD-799D-4FB6-A54B-ED164DEC0FB1}.Release|x64.Build.0 = R_St|x64
		{1630C0CD-799D-4FB6-A54B-ED164DEC0FB1}.Release|x86.ActiveCfg = R_St|Win32
		{1630C0CD-799D-4FB6-A54B-ED164DEC0FB1}.Release|x86.Build.0 = R_St|Win32
		{2620C0CD-299D-4FB6-A59B-ED164DEC0FB1}.D_St|x64.ActiveCfg = D_St|x64
		{2620C0CD-299D-4FB6-A59B-ED164DEC0FB1}.D_St|x64.Build.0 = D_St|x64
		{2620C0CD-299D-4FB6-A59B-ED164DEC0FB1}.D_St|x86.ActiveCfg = D_St|Win32
		{2620C0CD-299D-4FB6-A59B-ED164DEC0FB1}.D_St|x86.Build.0 = D_St|Win32
		{2620C0CD-299D-4FB6-A59B-ED164DEC0FB1}.Debug|x64.ActiveCfg = D_St|x64
		{2620C0CD-299D-4FB6-A59B-ED164DEC0FB1}.Debug|x64.Build.0 = D_St|x64
		{2620C0CD-299D-4FB6-A59B-ED164DEC0FB1}.Debug|x86.ActiveCfg = D_St|Win32
		{2620C0CD-299D-4FB6-A59B-ED164DEC0FB1}.Debug|x86.Build.0 = D_St|Win32
		{2620C0CD-299D-4FB6-A59B-ED164DEC0FB1}.R_St|x64.ActiveCfg = R_St|x64
		{2620C0CD-299D-4FB6-A59B-ED164DEC0FB1}.R_St|x64.Build.0 = R_St|x64
		{2620C0CD-299D-4FB6-A59B-ED164DEC0FB1}.R_St|x86.ActiveCfg = R_St|Win32
		{2620C0CD-299D-4FB6-A59B-ED164DEC0FB1}.R_St|x86.Build.0 = R_St|Win32
		{2620C0CD-299D-4FB6-A59B-ED164DEC0FB1}.Release|x64.ActiveCfg = R_St|x64
		{2620C0CD-299D-4FB6-A59B-ED164DEC0FB1}.Release|x64.Build.0 = R_St|x64
		{2620C0CD-299D-4FB6-A59B-ED164DEC0FB1}.Release|x86.ActiveCfg = R_St|Win32
		{2620C0CD-299D-4FB6-A59B-ED164DEC0FB1}.Release|x86.Build.0 = R_St|Win32
		{1630C0CD-099D-4FB6-A57B-1D164DEC0FB1}.D_St|x64.ActiveCfg = D_St|x64
		{1630C0CD-099D-4FB6-A57B-1D164DEC0FB1}.D_St|x64.Build.0 = D_St|x64
		{1630C0CD-099D-4FB6-A57B-1D164DEC0FB1}.D_St|x86.ActiveCfg = D_St|Win32
		{1630C0CD-099D-4FB6-A57B-1D164DEC0FB1}.D_St|x86.Build.0 = D_St|Win32
		{1630C0CD-099D-4FB6-A57B-1D164DEC0FB1}.Debug|x64.ActiveCfg = D_St|x64
		{1630C0CD-099D-4FB6-A57B-1D164DEC0FB1}.Debug|x64.Build.0 = D_St|x64
		{1630C0CD-099D-4FB6-A57B-1D164DEC0FB1}.Debug|x86.ActiveCfg = D_St|Win32
		{1630C0CD-099D-4FB6-A57B-1D164DEC0FB1}.Debug|x86.Build.0 = D_St|Win32
		{1630C0CD-099D-4FB6-A57B-1D164DEC0FB1}.R_St|x64.ActiveCfg = R_St|x64
		{1630C0CD-099D-4FB6-A57B-1D164DEC0FB1}.R_St|x64.Build.0 = R_St|x64
		{1630C0CD-099D-4FB6-A57B-1D164DEC0FB1}.R_St|x86.ActiveCfg = R_St|Win32
		{1630C0CD-099D-4FB6-A57B-1D164DEC0FB1}.R_St|x86.Build.0 = R_St|Win32
		{1630C0CD-099D-4FB6-A57B-1D164DEC0FB1}.Release|x64.ActiveCfg = R_St|x64
		{1630C0CD-099D-4FB6-A57B-1D164DEC0FB1}.Release|x64.Build.0 = R_St|x64
		{1630C0CD-099D-4FB6-A57B-1D164DEC0FB1}.Release|x86.ActiveCfg = R_St|Win32
		{1630C0CD-099D-4FB6-A57B-1D164DEC0FB1}.Release|x86.Build.0 = R_St|Win32
		{1630C0CD-299D-4FB6-A59B-ED164DEC0FB1}.D_St|x64.ActiveCfg = D_St|x64
		{1630C0CD-299D-4FB6-A59B-ED164DEC0FB1}.D_St|x64.Build.0 = D_St|x64
		{1630C0CD-299D-4FB6-A59B-ED164DEC0FB1}.D_St|x86.ActiveCfg = D_St|Win32
		{1630C0CD-299D-4FB6-A59B-ED164DEC0FB1}.D_St|x86.Build.0 = D_St|Win32
		{1630C0CD-299D-4FB6-A59B-ED164DEC0FB1}.Debug|x64.ActiveCfg = D_St|x64
		{1630C0CD-299D-4FB6-A59B-ED164DEC0FB1}.Debug|x64.Build.0 = D_St|x64
		{1630C0CD-299D-4FB6-A59B-ED164DEC0FB1}.Debug|x86.ActiveCfg = D_St|Win32
		{1630C0CD-299D-4FB6-A59B-ED164DEC0FB1}.Debug|x86.Build.0 = D_St|Win32
		{1630C0CD-299D-4FB6-A59B-ED164DEC0FB1}.R_St|x64.ActiveCfg = R_St|x64
		{1630C0CD-299D-4FB6-A59B-ED164DEC0FB1}.R_St|x64.Build.0 = R_St|x64
		{1630C0CD-299D-4FB6-A59B-ED164DEC0FB1}.R_St|x86.ActiveCfg = R_St|Win32
		{1630C0CD-299D-4FB6-A59B-ED164DEC0FB1}.R_St|x86.Build.0 = R_St|Win32
		{1630C0CD-299D-4FB6-A59B-ED164DEC0FB1}.Release|x64.ActiveCfg = R_St|x64
		{1630C0CD-299D-4FB6-A59B-ED164DEC0FB1}.Release|x64.Build.0 = R_St|x64
		{1630C0CD-299D-4FB6-A59B-ED164DEC0FB1}.Release|x86.ActiveCfg = R_St|Win32
		{1630C0CD-299D-4FB6-A59B-ED164DEC0FB1}.Release|x86.Build.0 = R_St|Win32
		{1298C6EE-439E-48C4-9710-FD145353CEDC}.D_St|x64.ActiveCfg = D_St|x64
		{1298C6EE-439E-48C4-9710-FD145353CEDC}.D_St|x64.Build.0 = D_St|x64
		{1298C6EE-439E-48C4-9710-FD145353CEDC}.D_St|x86.ActiveCfg = D_St|Win32
		{1298C6EE-439E-48C4-9710-FD145353CEDC}.D_St|x86.Build.0 = D_St|Win32
		{1298C6EE-439E-48C4-9710-FD145353CEDC}.Debug|x64.ActiveCfg = Debug|x64
		{1298C6EE-439E-48C4-9710-FD145353CEDC}.Debug|x64.Build.0 = Debug|x64
		{1298C6EE-439E-48C4-9710-FD145353CEDC}.Debug|x86.ActiveCfg = Debug|Win32
		{1298C6EE-439E-48C4-9710-FD145353CEDC}.Debug|x86.Build.0 = Debug|Win32
		{1298C6EE-439E-48C4-9710-FD145353CEDC}.R_St|x64.ActiveCfg = R_St|x64
		{1298C6EE-439E-48C4-9710-FD145353CEDC}.R_St|x86.ActiveCfg = R_St|Win32
		{1298C6EE-439E-48C4-9710-FD145353CEDC}.Release|x64.ActiveCfg = Release|x64
		{1298C6EE-439E-48C4-9710-FD145353CEDC}.Release|x64.Build.0 = Release|x64
		{1298C6EE-439E-48C4-9710-FD145353CEDC}.Release|x86.ActiveCfg = Release|Win32
		{1298C6EE-439E-48C4-9710-FD145353CEDC}.Release|x86.Build.0 = Release|Win32
		{1630C0CD-799D-4FB6-A547-1D164DEC0FB1}.D_St|x64.ActiveCfg = D_St|x64
		{1630C0CD-799D-4FB6-A547-1D164DEC0FB1}.D_St|x64.Build.0 = D_St|x64
		{1630C0CD-799D-4FB6-A547-1D164DEC0FB1}.D_St|x86.ActiveCfg = D_St|Win32
		{1630C0CD-799D-4FB6-A547-1D164DEC0FB1}.D_St|x86.Build.0 = D_St|Win32
		{1630C0CD-799D-4FB6-A547-1D164DEC0FB1}.Debug|x64.ActiveCfg = D_St|x64
		{1630C0CD-799D-4FB6-A547-1D164DEC0FB1}.Debug|x64.Build.0 = D_St|x64
		{1630C0CD-799D-4FB6-A547-1D164DEC0FB1}.Debug|x86.ActiveCfg = D_St|Win32
		{1630C0CD-799D-4FB6-A547-1D164DEC0FB1}.Debug|x86.Build.0 = D_St|Win32
		{1630C0CD-799D-4FB6-A547-1D164DEC0FB1}.R_St|x64.ActiveCfg = R_St|x64
		{1630C0CD-799D-4FB6-A547-1D164DEC0FB1}.R_St|x64.Build.0 = R_St|x64
		{1630C0CD-799D-4FB6-A547-1D164DEC0FB1}.R_St|x86.ActiveCfg = R_St|Win32
		{1630C0CD-799D-4FB6-A547-1D164DEC0FB1}.R_St|x86.Build.0 = R_St|Win32
		{1630C0CD-799D-4FB6-A547-1D164DEC0FB1}.Release|x64.ActiveCfg = R_St|x64
		{1630C0CD-799D-4FB6-A547-1D164DEC0FB1}.Release|x64.Build.0 = R_St|x64
		{1630C0CD-799D-4FB6-A547-1D164DEC0FB1}.Release|x86.ActiveCfg = R_St|Win32
		{1630C0CD-799D-4FB6-A547-1D164DEC0FB1}.Release|x86.Build.0 = R_St|Win32
	EndGlobalSection
	GlobalSection(SolutionProperties) = preSolution
		HideSolutionNode = FALSE
	EndGlobalSection
	GlobalSection(ExtensibilityGlobals) = postSolution
		SolutionGuid = {7C2DC77D-A51E-4A21-A077-5EB59A2054A7}
	EndGlobalSection
EndGlobal
