<?xml version="1.0" encoding="utf-8"?>
<Project ToolsVersion="4.0" xmlns="http://schemas.microsoft.com/developer/msbuild/2003">
  <ItemGroup>
    <Filter Include="Source Files">
      <UniqueIdentifier>{4FC737F1-C7A5-4376-A066-2A32D752A2FF}</UniqueIdentifier>
      <Extensions>cpp;c;cc;cxx;def;odl;idl;hpj;bat;asm;asmx</Extensions>
    </Filter>
    <Filter Include="Header Files">
      <UniqueIdentifier>{93995380-89BD-4b04-88EB-625FBE52EBFB}</UniqueIdentifier>
      <Extensions>h;hh;hpp;hxx;hm;inl;inc;xsd</Extensions>
    </Filter>
    <Filter Include="Source Files\script">
      <UniqueIdentifier>{ffe64478-323e-434a-a8de-8278cb61cbc2}</UniqueIdentifier>
    </Filter>
    <Filter Include="Header Files\script">
      <UniqueIdentifier>{47178171-61d1-4a31-88a1-e793e9461e6b}</UniqueIdentifier>
    </Filter>
    <Filter Include="Source Files\primitives">
      <UniqueIdentifier>{fedb2042-046d-4d30-a0a2-de4cf342df54}</UniqueIdentifier>
    </Filter>
    <Filter Include="Header Files\primitives">
      <UniqueIdentifier>{3d091f34-176f-4d18-acaf-852f4a187241}</UniqueIdentifier>
    </Filter>
    <Filter Include="Source Files\support">
      <UniqueIdentifier>{0f28bbaf-d0b1-4d3f-a47e-8270f07fee0e}</UniqueIdentifier>
    </Filter>
    <Filter Include="Header Files\support">
      <UniqueIdentifier>{ef9aad40-5056-438d-b082-c72384071152}</UniqueIdentifier>
    </Filter>
    <Filter Include="Source Files\sfx">
      <UniqueIdentifier>{f81a6b20-b1ed-468d-b69b-5819c36eb43c}</UniqueIdentifier>
    </Filter>
    <Filter Include="Header Files\sfx">
      <UniqueIdentifier>{9294d5f4-1af0-45e2-9b65-7b454de8d600}</UniqueIdentifier>
    </Filter>
    <Filter Include="Source Files\crypto">
      <UniqueIdentifier>{136fbde9-ddb0-4273-a0b2-cea9da6fcb85}</UniqueIdentifier>
    </Filter>
    <Filter Include="Header Files\crypto">
      <UniqueIdentifier>{749022b9-4443-4b86-a8f7-8631f02a8761}</UniqueIdentifier>
    </Filter>
    <Filter Include="Source Files\compat">
      <UniqueIdentifier>{addcde13-a30b-4eaf-be23-6d2b2b2b9ad9}</UniqueIdentifier>
    </Filter>
    <Filter Include="Header Files\compat">
      <UniqueIdentifier>{39258e4b-4e1a-44f5-a232-494e59904533}</UniqueIdentifier>
    </Filter>
    <Filter Include="Header Files\policy">
      <UniqueIdentifier>{d95a1ce5-9132-444c-9c28-72fbe051805c}</UniqueIdentifier>
    </Filter>
    <Filter Include="Source Files\policy">
      <UniqueIdentifier>{d053d0c4-d795-44f6-a65c-608fb7ae75e2}</UniqueIdentifier>
    </Filter>
    <Filter Include="Header Files\univalue">
      <UniqueIdentifier>{675dbde1-f1c8-45ca-a5cd-639084a0fd90}</UniqueIdentifier>
    </Filter>
    <Filter Include="Source Files\secp256k1">
      <UniqueIdentifier>{5bfb8113-62e9-483f-a3fd-2a70dbea425d}</UniqueIdentifier>
    </Filter>
    <Filter Include="Source Files\wallet">
      <UniqueIdentifier>{1394377f-d9ba-405e-911d-bfbf529df32c}</UniqueIdentifier>
    </Filter>
    <Filter Include="Header Files\wallet">
      <UniqueIdentifier>{02cfc1b4-76c9-41b5-af96-68793bafbeaf}</UniqueIdentifier>
    </Filter>
    <Filter Include="Source Files\bignum">
      <UniqueIdentifier>{b349a269-b7d6-4d21-83f0-cf7c764cf101}</UniqueIdentifier>
    </Filter>
    <Filter Include="Source Files\univalue">
      <UniqueIdentifier>{1f83340c-7b57-494e-8e96-eeacca8a2ca3}</UniqueIdentifier>
    </Filter>
    <Filter Include="Source Files\consensus">
      <UniqueIdentifier>{3c843bad-e7f3-45b6-92f1-d1209c334e3e}</UniqueIdentifier>
    </Filter>
    <Filter Include="Source Files\rpc">
      <UniqueIdentifier>{4855b9e4-32d4-488c-a15e-2a91f1d602e7}</UniqueIdentifier>
    </Filter>
    <Filter Include="Source Files\qt">
      <UniqueIdentifier>{5b3136ef-5099-46d2-ba15-1f4c2b2d900b}</UniqueIdentifier>
    </Filter>
    <Filter Include="Source Files\qt\moc">
      <UniqueIdentifier>{39c1ac14-cd4f-41bd-971e-27afc444fdcd}</UniqueIdentifier>
    </Filter>
    <Filter Include="Source Files\qt\protobuf">
      <UniqueIdentifier>{dc29137c-070e-46e6-a151-83646e540e5f}</UniqueIdentifier>
    </Filter>
    <Filter Include="Source Files\qrencode">
      <UniqueIdentifier>{d6982f6d-6a52-4b09-9518-f8c2581c08d2}</UniqueIdentifier>
    </Filter>
    <Filter Include="Header Files\sfx\inc">
      <UniqueIdentifier>{bb2e4e65-7fab-4cce-b17b-933c3d1a38b0}</UniqueIdentifier>
    </Filter>
  </ItemGroup>
  <ItemGroup>
    <ClCompile Include="amount.cpp">
      <Filter>Source Files</Filter>
    </ClCompile>
    <ClCompile Include="arith_uint256.cpp">
      <Filter>Source Files</Filter>
    </ClCompile>
    <ClCompile Include="uint256.cpp">
      <Filter>Source Files</Filter>
    </ClCompile>
    <ClCompile Include="script\script.cpp">
      <Filter>Source Files\script</Filter>
    </ClCompile>
    <ClCompile Include="primitives\block.cpp">
      <Filter>Source Files\primitives</Filter>
    </ClCompile>
    <ClCompile Include="util.cpp">
      <Filter>Source Files</Filter>
    </ClCompile>
    <ClCompile Include="net.cpp">
      <Filter>Source Files</Filter>
    </ClCompile>
    <ClCompile Include="primitives\transaction.cpp">
      <Filter>Source Files\primitives</Filter>
    </ClCompile>
    <ClCompile Include="chain.cpp">
      <Filter>Source Files</Filter>
    </ClCompile>
    <ClCompile Include="netbase.cpp">
      <Filter>Source Files</Filter>
    </ClCompile>
    <ClCompile Include="coins.cpp">
      <Filter>Source Files</Filter>
    </ClCompile>
    <ClCompile Include="bloom.cpp">
      <Filter>Source Files</Filter>
    </ClCompile>
    <ClCompile Include="support\cleanse.cpp">
      <Filter>Source Files\support</Filter>
    </ClCompile>
    <ClCompile Include="random.cpp">
      <Filter>Source Files</Filter>
    </ClCompile>
    <ClCompile Include="checkpoints.cpp">
      <Filter>Source Files</Filter>
    </ClCompile>
    <ClCompile Include="soferox.cpp">
      <Filter>Source Files\sfx</Filter>
    </ClCompile>
    <ClCompile Include="protocol.cpp">
      <Filter>Source Files</Filter>
    </ClCompile>
    <ClCompile Include="crypto\sha256.cpp">
      <Filter>Source Files\crypto</Filter>
    </ClCompile>
    <ClCompile Include="txmempool.cpp">
      <Filter>Source Files</Filter>
    </ClCompile>
    <ClCompile Include="utiltime.cpp">
      <Filter>Source Files</Filter>
    </ClCompile>
    <ClCompile Include="txdb.cpp">
      <Filter>Source Files</Filter>
    </ClCompile>
    <ClCompile Include="chainparamsbase.cpp">
      <Filter>Source Files</Filter>
    </ClCompile>
    <ClCompile Include="script\interpreter.cpp">
      <Filter>Source Files\script</Filter>
    </ClCompile>
    <ClCompile Include="scheduler.cpp">
      <Filter>Source Files</Filter>
    </ClCompile>
    <ClCompile Include="clientversion.cpp">
      <Filter>Source Files</Filter>
    </ClCompile>
    <ClCompile Include="init.cpp">
      <Filter>Source Files</Filter>
    </ClCompile>
    <ClCompile Include="compat\glibc_sanity.cpp">
      <Filter>Source Files\compat</Filter>
    </ClCompile>
    <ClCompile Include="compat\glibcxx_sanity.cpp">
      <Filter>Source Files\compat</Filter>
    </ClCompile>
    <ClCompile Include="noui.cpp">
      <Filter>Source Files</Filter>
    </ClCompile>
    <ClCompile Include="key.cpp">
      <Filter>Source Files</Filter>
    </ClCompile>
    <ClCompile Include="utilstrencodings.cpp">
      <Filter>Source Files</Filter>
    </ClCompile>
    <ClCompile Include="policy\fees.cpp">
      <Filter>Source Files\policy</Filter>
    </ClCompile>
    <ClCompile Include="merkleblock.cpp">
      <Filter>Source Files</Filter>
    </ClCompile>
    <ClCompile Include="crypto\sha1.cpp">
      <Filter>Source Files\crypto</Filter>
    </ClCompile>
    <ClCompile Include="crypto\ripemd160.cpp">
      <Filter>Source Files\crypto</Filter>
    </ClCompile>
    <ClCompile Include="policy\policy.cpp">
      <Filter>Source Files\policy</Filter>
    </ClCompile>
    <ClCompile Include="miner.cpp">
      <Filter>Source Files</Filter>
    </ClCompile>
    <ClCompile Include="addrman.cpp">
      <Filter>Source Files</Filter>
    </ClCompile>
    <ClCompile Include="timedata.cpp">
      <Filter>Source Files</Filter>
    </ClCompile>
    <ClCompile Include="compressor.cpp">
      <Filter>Source Files</Filter>
    </ClCompile>
    <ClCompile Include="compat\vc_compat.cpp">
      <Filter>Source Files\compat</Filter>
    </ClCompile>
    <ClCompile Include="hash.cpp">
      <Filter>Source Files</Filter>
    </ClCompile>
    <ClCompile Include="pubkey.cpp">
      <Filter>Source Files</Filter>
    </ClCompile>
    <ClCompile Include="script\sigcache.cpp">
      <Filter>Source Files\script</Filter>
    </ClCompile>
    <ClCompile Include="pow.cpp">
      <Filter>Source Files</Filter>
    </ClCompile>
    <ClCompile Include="script\standard.cpp">
      <Filter>Source Files\script</Filter>
    </ClCompile>
    <ClCompile Include="script\script_error.cpp">
      <Filter>Source Files\script</Filter>
    </ClCompile>
    <ClCompile Include="validationinterface.cpp">
      <Filter>Source Files</Filter>
    </ClCompile>
    <ClCompile Include="crypto\hmac_sha512.cpp">
      <Filter>Source Files\crypto</Filter>
    </ClCompile>
    <ClCompile Include="crypto\sha512.cpp">
      <Filter>Source Files\crypto</Filter>
    </ClCompile>
    <ClCompile Include="rest.cpp">
      <Filter>Source Files</Filter>
    </ClCompile>
    <ClCompile Include="utilmoneystr.cpp">
      <Filter>Source Files</Filter>
    </ClCompile>
    <ClCompile Include="keystore.cpp">
      <Filter>Source Files</Filter>
    </ClCompile>
    <ClCompile Include="base58.cpp">
      <Filter>Source Files</Filter>
    </ClCompile>
    <ClCompile Include="core_read.cpp">
      <Filter>Source Files</Filter>
    </ClCompile>
    <ClCompile Include="script\sign.cpp">
      <Filter>Source Files\script</Filter>
    </ClCompile>
    <ClCompile Include="core_write.cpp">
      <Filter>Source Files</Filter>
    </ClCompile>
    <ClCompile Include="wallet\rpcwallet.cpp">
      <Filter>Source Files\wallet</Filter>
    </ClCompile>
    <ClCompile Include="wallet\wallet.cpp">
      <Filter>Source Files\wallet</Filter>
    </ClCompile>
    <ClCompile Include="wallet\walletdb.cpp">
      <Filter>Source Files\wallet</Filter>
    </ClCompile>
    <ClCompile Include="wallet\crypter.cpp">
      <Filter>Source Files\wallet</Filter>
    </ClCompile>
    <ClCompile Include="wallet\db.cpp">
      <Filter>Source Files\wallet</Filter>
    </ClCompile>
    <ClCompile Include="wallet\rpcdump.cpp">
      <Filter>Source Files\wallet</Filter>
    </ClCompile>
    <ClCompile Include="sphlib\sofero.cpp">
      <Filter>Source Files\crypto</Filter>
    </ClCompile>
    <ClCompile Include="stdafx.cpp">
      <Filter>Source Files</Filter>
    </ClCompile>
    <ClCompile Include="secp256k1\src\secp256k1.c">
      <Filter>Source Files\secp256k1</Filter>
    </ClCompile>
    <ClCompile Include="soferox-hash.cpp">
      <Filter>Source Files\sfx</Filter>
    </ClCompile>
    <ClCompile Include="univalue\lib\univalue.cpp">
      <Filter>Source Files\univalue</Filter>
    </ClCompile>
    <ClCompile Include="univalue\lib\univalue_read.cpp">
      <Filter>Source Files\univalue</Filter>
    </ClCompile>
    <ClCompile Include="univalue\lib\univalue_write.cpp">
      <Filter>Source Files\univalue</Filter>
    </ClCompile>
    <ClCompile Include="consensus\merkle.cpp">
      <Filter>Source Files\consensus</Filter>
    </ClCompile>
    <ClCompile Include="rpc\protocol.cpp">
      <Filter>Source Files\rpc</Filter>
    </ClCompile>
    <ClCompile Include="dbwrapper.cpp">
      <Filter>Source Files</Filter>
    </ClCompile>
    <ClCompile Include="rpc\server.cpp">
      <Filter>Source Files\rpc</Filter>
    </ClCompile>
    <ClCompile Include="crypto\aes.cpp">
      <Filter>Source Files\crypto</Filter>
    </ClCompile>
    <ClCompile Include="netaddress.cpp">
      <Filter>Source Files</Filter>
    </ClCompile>
    <ClCompile Include="rpc\rawtransaction.cpp">
      <Filter>Source Files\rpc</Filter>
    </ClCompile>
    <ClCompile Include="rpc\net.cpp">
      <Filter>Source Files\rpc</Filter>
    </ClCompile>
    <ClCompile Include="rpc\blockchain.cpp">
      <Filter>Source Files\rpc</Filter>
    </ClCompile>
    <ClCompile Include="rpc\misc.cpp">
      <Filter>Source Files\rpc</Filter>
    </ClCompile>
    <ClCompile Include="httpserver.cpp">
      <Filter>Source Files</Filter>
    </ClCompile>
    <ClCompile Include="versionbits.cpp">
      <Filter>Source Files</Filter>
    </ClCompile>
    <ClCompile Include="addrdb.cpp">
      <Filter>Source Files</Filter>
    </ClCompile>
    <ClCompile Include="script\ismine.cpp">
      <Filter>Source Files\script</Filter>
    </ClCompile>
    <ClCompile Include="rpc\mining.cpp">
      <Filter>Source Files\rpc</Filter>
    </ClCompile>
    <ClCompile Include="policy\rbf.cpp">
      <Filter>Source Files\policy</Filter>
    </ClCompile>
    <ClCompile Include="blockencodings.cpp">
      <Filter>Source Files</Filter>
    </ClCompile>
    <ClCompile Include="torcontrol.cpp">
      <Filter>Source Files</Filter>
    </ClCompile>
    <ClCompile Include="crypto\hmac_sha256.cpp">
      <Filter>Source Files\crypto</Filter>
    </ClCompile>
    <ClCompile Include="httprpc.cpp">
      <Filter>Source Files</Filter>
    </ClCompile>
    <ClCompile Include="rpc\client.cpp">
      <Filter>Source Files\rpc</Filter>
    </ClCompile>
    <ClCompile Include="ui_interface.cpp">
      <Filter>Source Files</Filter>
    </ClCompile>
    <ClCompile Include="soferox-dll.cpp">
      <Filter>Source Files\sfx</Filter>
    </ClCompile>
    <ClCompile Include="win-libs.cpp">
      <Filter>Source Files\sfx</Filter>
    </ClCompile>
    <ClCompile Include="qt\addressbookpage.cpp">
      <Filter>Source Files\qt</Filter>
    </ClCompile>
    <ClCompile Include="qt\addresstablemodel.cpp">
      <Filter>Source Files\qt</Filter>
    </ClCompile>
    <ClCompile Include="qt\askpassphrasedialog.cpp">
      <Filter>Source Files\qt</Filter>
    </ClCompile>
    <ClCompile Include="qt\bantablemodel.cpp">
      <Filter>Source Files\qt</Filter>
    </ClCompile>
    <ClCompile Include="qt\bitcoinaddressvalidator.cpp">
      <Filter>Source Files\qt</Filter>
    </ClCompile>
    <ClCompile Include="qt\bitcoinamountfield.cpp">
      <Filter>Source Files\qt</Filter>
    </ClCompile>
    <ClCompile Include="qt\bitcoingui.cpp">
      <Filter>Source Files\qt</Filter>
    </ClCompile>
    <ClCompile Include="qt\bitcoinunits.cpp">
      <Filter>Source Files\qt</Filter>
    </ClCompile>
    <ClCompile Include="qt\clientmodel.cpp">
      <Filter>Source Files\qt</Filter>
    </ClCompile>
    <ClCompile Include="qt\coincontroldialog.cpp">
      <Filter>Source Files\qt</Filter>
    </ClCompile>
    <ClCompile Include="qt\coincontroltreewidget.cpp">
      <Filter>Source Files\qt</Filter>
    </ClCompile>
    <ClCompile Include="qt\csvmodelwriter.cpp">
      <Filter>Source Files\qt</Filter>
    </ClCompile>
    <ClCompile Include="qt\editaddressdialog.cpp">
      <Filter>Source Files\qt</Filter>
    </ClCompile>
    <ClCompile Include="qt\guiutil.cpp">
      <Filter>Source Files\qt</Filter>
    </ClCompile>
    <ClCompile Include="qt\intro.cpp">
      <Filter>Source Files\qt</Filter>
    </ClCompile>
    <ClCompile Include="qt\modaloverlay.cpp">
      <Filter>Source Files\qt</Filter>
    </ClCompile>
    <ClCompile Include="qt\networkstyle.cpp">
      <Filter>Source Files\qt</Filter>
    </ClCompile>
    <ClCompile Include="qt\notificator.cpp">
      <Filter>Source Files\qt</Filter>
    </ClCompile>
    <ClCompile Include="qt\openuridialog.cpp">
      <Filter>Source Files\qt</Filter>
    </ClCompile>
    <ClCompile Include="qt\optionsdialog.cpp">
      <Filter>Source Files\qt</Filter>
    </ClCompile>
    <ClCompile Include="qt\optionsmodel.cpp">
      <Filter>Source Files\qt</Filter>
    </ClCompile>
    <ClCompile Include="qt\overviewpage.cpp">
      <Filter>Source Files\qt</Filter>
    </ClCompile>
    <ClCompile Include="qt\paymentrequestplus.cpp">
      <Filter>Source Files\qt</Filter>
    </ClCompile>
    <ClCompile Include="qt\paymentserver.cpp">
      <Filter>Source Files\qt</Filter>
    </ClCompile>
    <ClCompile Include="qt\peertablemodel.cpp">
      <Filter>Source Files\qt</Filter>
    </ClCompile>
    <ClCompile Include="qt\platformstyle.cpp">
      <Filter>Source Files\qt</Filter>
    </ClCompile>
    <ClCompile Include="qt\qvalidatedlineedit.cpp">
      <Filter>Source Files\qt</Filter>
    </ClCompile>
    <ClCompile Include="qt\qvaluecombobox.cpp">
      <Filter>Source Files\qt</Filter>
    </ClCompile>
    <ClCompile Include="qt\receivecoinsdialog.cpp">
      <Filter>Source Files\qt</Filter>
    </ClCompile>
    <ClCompile Include="qt\receiverequestdialog.cpp">
      <Filter>Source Files\qt</Filter>
    </ClCompile>
    <ClCompile Include="qt\recentrequeststablemodel.cpp">
      <Filter>Source Files\qt</Filter>
    </ClCompile>
    <ClCompile Include="qt\rpcconsole.cpp">
      <Filter>Source Files\qt</Filter>
    </ClCompile>
    <ClCompile Include="qt\sendcoinsdialog.cpp">
      <Filter>Source Files\qt</Filter>
    </ClCompile>
    <ClCompile Include="qt\sendcoinsentry.cpp">
      <Filter>Source Files\qt</Filter>
    </ClCompile>
    <ClCompile Include="qt\signverifymessagedialog.cpp">
      <Filter>Source Files\qt</Filter>
    </ClCompile>
    <ClCompile Include="qt\splashscreen.cpp">
      <Filter>Source Files\qt</Filter>
    </ClCompile>
    <ClCompile Include="qt\trafficgraphwidget.cpp">
      <Filter>Source Files\qt</Filter>
    </ClCompile>
    <ClCompile Include="qt\transactiondesc.cpp">
      <Filter>Source Files\qt</Filter>
    </ClCompile>
    <ClCompile Include="qt\transactiondescdialog.cpp">
      <Filter>Source Files\qt</Filter>
    </ClCompile>
    <ClCompile Include="qt\transactionfilterproxy.cpp">
      <Filter>Source Files\qt</Filter>
    </ClCompile>
    <ClCompile Include="qt\transactionrecord.cpp">
      <Filter>Source Files\qt</Filter>
    </ClCompile>
    <ClCompile Include="qt\transactiontablemodel.cpp">
      <Filter>Source Files\qt</Filter>
    </ClCompile>
    <ClCompile Include="qt\transactionview.cpp">
      <Filter>Source Files\qt</Filter>
    </ClCompile>
    <ClCompile Include="qt\utilitydialog.cpp">
      <Filter>Source Files\qt</Filter>
    </ClCompile>
    <ClCompile Include="qt\walletframe.cpp">
      <Filter>Source Files\qt</Filter>
    </ClCompile>
    <ClCompile Include="qt\walletmodel.cpp">
      <Filter>Source Files\qt</Filter>
    </ClCompile>
    <ClCompile Include="qt\walletmodeltransaction.cpp">
      <Filter>Source Files\qt</Filter>
    </ClCompile>
    <ClCompile Include="qt\walletview.cpp">
      <Filter>Source Files\qt</Filter>
    </ClCompile>
    <ClCompile Include="qt\winshutdownmonitor.cpp">
      <Filter>Source Files\qt</Filter>
    </ClCompile>
    <ClCompile Include="qt\moc_addressbookpage.cpp">
      <Filter>Source Files\qt\moc</Filter>
    </ClCompile>
    <ClCompile Include="qt\moc_addresstablemodel.cpp">
      <Filter>Source Files\qt\moc</Filter>
    </ClCompile>
    <ClCompile Include="qt\moc_askpassphrasedialog.cpp">
      <Filter>Source Files\qt\moc</Filter>
    </ClCompile>
    <ClCompile Include="qt\moc_bantablemodel.cpp">
      <Filter>Source Files\qt\moc</Filter>
    </ClCompile>
    <ClCompile Include="qt\moc_bitcoinaddressvalidator.cpp">
      <Filter>Source Files\qt\moc</Filter>
    </ClCompile>
    <ClCompile Include="qt\moc_bitcoinamountfield.cpp">
      <Filter>Source Files\qt\moc</Filter>
    </ClCompile>
    <ClCompile Include="qt\moc_bitcoingui.cpp">
      <Filter>Source Files\qt\moc</Filter>
    </ClCompile>
    <ClCompile Include="qt\moc_bitcoinunits.cpp">
      <Filter>Source Files\qt\moc</Filter>
    </ClCompile>
    <ClCompile Include="qt\moc_clientmodel.cpp">
      <Filter>Source Files\qt\moc</Filter>
    </ClCompile>
    <ClCompile Include="qt\moc_coincontroldialog.cpp">
      <Filter>Source Files\qt\moc</Filter>
    </ClCompile>
    <ClCompile Include="qt\moc_coincontroltreewidget.cpp">
      <Filter>Source Files\qt\moc</Filter>
    </ClCompile>
    <ClCompile Include="qt\moc_csvmodelwriter.cpp">
      <Filter>Source Files\qt\moc</Filter>
    </ClCompile>
    <ClCompile Include="qt\moc_editaddressdialog.cpp">
      <Filter>Source Files\qt\moc</Filter>
    </ClCompile>
    <ClCompile Include="qt\moc_guiutil.cpp">
      <Filter>Source Files\qt\moc</Filter>
    </ClCompile>
    <ClCompile Include="qt\moc_intro.cpp">
      <Filter>Source Files\qt\moc</Filter>
    </ClCompile>
    <ClCompile Include="qt\moc_modaloverlay.cpp">
      <Filter>Source Files\qt\moc</Filter>
    </ClCompile>
    <ClCompile Include="qt\moc_notificator.cpp">
      <Filter>Source Files\qt\moc</Filter>
    </ClCompile>
    <ClCompile Include="qt\moc_openuridialog.cpp">
      <Filter>Source Files\qt\moc</Filter>
    </ClCompile>
    <ClCompile Include="qt\moc_optionsdialog.cpp">
      <Filter>Source Files\qt\moc</Filter>
    </ClCompile>
    <ClCompile Include="qt\moc_optionsmodel.cpp">
      <Filter>Source Files\qt\moc</Filter>
    </ClCompile>
    <ClCompile Include="qt\moc_overviewpage.cpp">
      <Filter>Source Files\qt\moc</Filter>
    </ClCompile>
    <ClCompile Include="qt\moc_paymentserver.cpp">
      <Filter>Source Files\qt\moc</Filter>
    </ClCompile>
    <ClCompile Include="qt\moc_peertablemodel.cpp">
      <Filter>Source Files\qt\moc</Filter>
    </ClCompile>
    <ClCompile Include="qt\moc_qvalidatedlineedit.cpp">
      <Filter>Source Files\qt\moc</Filter>
    </ClCompile>
    <ClCompile Include="qt\moc_qvaluecombobox.cpp">
      <Filter>Source Files\qt\moc</Filter>
    </ClCompile>
    <ClCompile Include="qt\moc_receivecoinsdialog.cpp">
      <Filter>Source Files\qt\moc</Filter>
    </ClCompile>
    <ClCompile Include="qt\moc_receiverequestdialog.cpp">
      <Filter>Source Files\qt\moc</Filter>
    </ClCompile>
    <ClCompile Include="qt\moc_recentrequeststablemodel.cpp">
      <Filter>Source Files\qt\moc</Filter>
    </ClCompile>
    <ClCompile Include="qt\moc_rpcconsole.cpp">
      <Filter>Source Files\qt\moc</Filter>
    </ClCompile>
    <ClCompile Include="qt\moc_sendcoinsdialog.cpp">
      <Filter>Source Files\qt\moc</Filter>
    </ClCompile>
    <ClCompile Include="qt\moc_sendcoinsentry.cpp">
      <Filter>Source Files\qt\moc</Filter>
    </ClCompile>
    <ClCompile Include="qt\moc_signverifymessagedialog.cpp">
      <Filter>Source Files\qt\moc</Filter>
    </ClCompile>
    <ClCompile Include="qt\moc_splashscreen.cpp">
      <Filter>Source Files\qt\moc</Filter>
    </ClCompile>
    <ClCompile Include="qt\moc_trafficgraphwidget.cpp">
      <Filter>Source Files\qt\moc</Filter>
    </ClCompile>
    <ClCompile Include="qt\moc_transactiondesc.cpp">
      <Filter>Source Files\qt\moc</Filter>
    </ClCompile>
    <ClCompile Include="qt\moc_transactiondescdialog.cpp">
      <Filter>Source Files\qt\moc</Filter>
    </ClCompile>
    <ClCompile Include="qt\moc_transactionfilterproxy.cpp">
      <Filter>Source Files\qt\moc</Filter>
    </ClCompile>
    <ClCompile Include="qt\moc_transactiontablemodel.cpp">
      <Filter>Source Files\qt\moc</Filter>
    </ClCompile>
    <ClCompile Include="qt\moc_transactionview.cpp">
      <Filter>Source Files\qt\moc</Filter>
    </ClCompile>
    <ClCompile Include="qt\moc_utilitydialog.cpp">
      <Filter>Source Files\qt\moc</Filter>
    </ClCompile>
    <ClCompile Include="qt\moc_walletframe.cpp">
      <Filter>Source Files\qt\moc</Filter>
    </ClCompile>
    <ClCompile Include="qt\moc_walletmodel.cpp">
      <Filter>Source Files\qt\moc</Filter>
    </ClCompile>
    <ClCompile Include="qt\moc_walletview.cpp">
      <Filter>Source Files\qt\moc</Filter>
    </ClCompile>
    <ClCompile Include="qt\paymentrequest.pb.cc">
      <Filter>Source Files\qt\protobuf</Filter>
    </ClCompile>
    <ClCompile Include="..\foreign\qrencode\bitstream.c">
      <Filter>Source Files\qrencode</Filter>
    </ClCompile>
    <ClCompile Include="..\foreign\qrencode\mask.c">
      <Filter>Source Files\qrencode</Filter>
    </ClCompile>
    <ClCompile Include="..\foreign\qrencode\mmask.c">
      <Filter>Source Files\qrencode</Filter>
    </ClCompile>
    <ClCompile Include="..\foreign\qrencode\mqrspec.c">
      <Filter>Source Files\qrencode</Filter>
    </ClCompile>
    <ClCompile Include="..\foreign\qrencode\qrencode.c">
      <Filter>Source Files\qrencode</Filter>
    </ClCompile>
    <ClCompile Include="..\foreign\qrencode\qrinput.c">
      <Filter>Source Files\qrencode</Filter>
    </ClCompile>
    <ClCompile Include="..\foreign\qrencode\qrspec.c">
      <Filter>Source Files\qrencode</Filter>
    </ClCompile>
    <ClCompile Include="..\foreign\qrencode\rscode.c">
      <Filter>Source Files\qrencode</Filter>
    </ClCompile>
    <ClCompile Include="..\foreign\qrencode\split.c">
      <Filter>Source Files\qrencode</Filter>
    </ClCompile>
    <ClCompile Include="qt\res_bitcoin.cpp">
      <Filter>Source Files\qt</Filter>
    </ClCompile>
    <ClCompile Include="qt\res_bitcoin_locale.cpp">
      <Filter>Source Files\qt</Filter>
    </ClCompile>
    <ClCompile Include="qt\bitcoin.cpp">
      <Filter>Header Files\sfx\inc</Filter>
    </ClCompile>
    <ClCompile Include="soferox-cli.cpp">
      <Filter>Header Files\sfx\inc</Filter>
    </ClCompile>
    <ClCompile Include="soferox-tx.cpp">
      <Filter>Header Files\sfx\inc</Filter>
    </ClCompile>
    <ClCompile Include="soferoxd.cpp">
      <Filter>Header Files\sfx\inc</Filter>
    </ClCompile>
    <ClCompile Include="support\lockedpool.cpp">
      <Filter>Source Files\support</Filter>
    </ClCompile>
    <ClCompile Include="validation.cpp">
      <Filter>Source Files</Filter>
    </ClCompile>
    <ClCompile Include="net_processing.cpp">
      <Filter>Source Files</Filter>
    </ClCompile>
    <ClCompile Include="warnings.cpp">
      <Filter>Source Files</Filter>
    </ClCompile>
    <ClCompile Include="threadinterrupt.cpp">
      <Filter>Source Files</Filter>
    </ClCompile>
  </ItemGroup>
  <ItemGroup>
    <ClInclude Include="main.h">
      <Filter>Header Files</Filter>
    </ClInclude>
    <ClInclude Include="tinyformat.h">
      <Filter>Header Files</Filter>
    </ClInclude>
    <ClInclude Include="uint256.h">
      <Filter>Header Files</Filter>
    </ClInclude>
    <ClInclude Include="script\script.h">
      <Filter>Header Files\script</Filter>
    </ClInclude>
    <ClInclude Include="primitives\block.h">
      <Filter>Header Files\primitives</Filter>
    </ClInclude>
    <ClInclude Include="util.h">
      <Filter>Header Files</Filter>
    </ClInclude>
    <ClInclude Include="net.h">
      <Filter>Header Files</Filter>
    </ClInclude>
    <ClInclude Include="primitives\transaction.h">
      <Filter>Header Files\primitives</Filter>
    </ClInclude>
    <ClInclude Include="chain.h">
      <Filter>Header Files</Filter>
    </ClInclude>
    <ClInclude Include="netbase.h">
      <Filter>Header Files</Filter>
    </ClInclude>
    <ClInclude Include="coins.h">
      <Filter>Header Files</Filter>
    </ClInclude>
    <ClInclude Include="bloom.h">
      <Filter>Header Files</Filter>
    </ClInclude>
    <ClInclude Include="support\cleanse.h">
      <Filter>Header Files\support</Filter>
    </ClInclude>
    <ClInclude Include="random.h">
      <Filter>Header Files</Filter>
    </ClInclude>
    <ClInclude Include="checkpoints.h">
      <Filter>Header Files</Filter>
    </ClInclude>
    <ClInclude Include="soferox.h">
      <Filter>Header Files\sfx</Filter>
    </ClInclude>
    <ClInclude Include="protocol.h">
      <Filter>Header Files</Filter>
    </ClInclude>
    <ClInclude Include="crypto\sha256.h">
      <Filter>Header Files\crypto</Filter>
    </ClInclude>
    <ClInclude Include="txmempool.h">
      <Filter>Header Files</Filter>
    </ClInclude>
    <ClInclude Include="utiltime.h">
      <Filter>Header Files</Filter>
    </ClInclude>
    <ClInclude Include="alert.h">
      <Filter>Header Files</Filter>
    </ClInclude>
    <ClInclude Include="txdb.h">
      <Filter>Header Files</Filter>
    </ClInclude>
    <ClInclude Include="chainparamsbase.h">
      <Filter>Header Files</Filter>
    </ClInclude>
    <ClInclude Include="script\interpreter.h">
      <Filter>Header Files\script</Filter>
    </ClInclude>
    <ClInclude Include="sfx-config.h">
      <Filter>Header Files\sfx</Filter>
    </ClInclude>
    <ClInclude Include="scheduler.h">
      <Filter>Header Files</Filter>
    </ClInclude>
    <ClInclude Include="clientversion.h">
      <Filter>Header Files</Filter>
    </ClInclude>
    <ClInclude Include="init.h">
      <Filter>Header Files</Filter>
    </ClInclude>
    <ClInclude Include="chainparams.h">
      <Filter>Header Files</Filter>
    </ClInclude>
    <ClInclude Include="compat\sanity.h">
      <Filter>Header Files\compat</Filter>
    </ClInclude>
    <ClInclude Include="noui.h">
      <Filter>Header Files</Filter>
    </ClInclude>
    <ClInclude Include="key.h">
      <Filter>Header Files</Filter>
    </ClInclude>
    <ClInclude Include="utilstrencodings.h">
      <Filter>Header Files</Filter>
    </ClInclude>
    <ClInclude Include="policy\fees.h">
      <Filter>Header Files\policy</Filter>
    </ClInclude>
    <ClInclude Include="merkleblock.h">
      <Filter>Header Files</Filter>
    </ClInclude>
    <ClInclude Include="crypto\sha1.h">
      <Filter>Header Files\crypto</Filter>
    </ClInclude>
    <ClInclude Include="eccryptoverify.h">
      <Filter>Header Files</Filter>
    </ClInclude>
    <ClInclude Include="crypto\ripemd160.h">
      <Filter>Header Files\crypto</Filter>
    </ClInclude>
    <ClInclude Include="policy\policy.h">
      <Filter>Header Files\policy</Filter>
    </ClInclude>
    <ClInclude Include="leveldbwrapper.h">
      <Filter>Header Files</Filter>
    </ClInclude>
    <ClInclude Include="miner.h">
      <Filter>Header Files</Filter>
    </ClInclude>
    <ClInclude Include="rpcserver.h">
      <Filter>Header Files</Filter>
    </ClInclude>
    <ClInclude Include="addrman.h">
      <Filter>Header Files</Filter>
    </ClInclude>
    <ClInclude Include="timedata.h">
      <Filter>Header Files</Filter>
    </ClInclude>
    <ClInclude Include="compressor.h">
      <Filter>Header Files</Filter>
    </ClInclude>
    <ClInclude Include="rpcprotocol.h">
      <Filter>Header Files</Filter>
    </ClInclude>
    <ClInclude Include="hash.h">
      <Filter>Header Files</Filter>
    </ClInclude>
    <ClInclude Include="pubkey.h">
      <Filter>Header Files</Filter>
    </ClInclude>
    <ClInclude Include="script\sigcache.h">
      <Filter>Header Files\script</Filter>
    </ClInclude>
    <ClInclude Include="univalue\univalue.h">
      <Filter>Header Files\univalue</Filter>
    </ClInclude>
    <ClInclude Include="pow.h">
      <Filter>Header Files</Filter>
    </ClInclude>
    <ClInclude Include="script\standard.h">
      <Filter>Header Files\script</Filter>
    </ClInclude>
    <ClInclude Include="script\script_error.h">
      <Filter>Header Files\script</Filter>
    </ClInclude>
    <ClInclude Include="validationinterface.h">
      <Filter>Header Files</Filter>
    </ClInclude>
    <ClInclude Include="crypto\hmac_sha512.h">
      <Filter>Header Files\crypto</Filter>
    </ClInclude>
    <ClInclude Include="support\pagelocker.h">
      <Filter>Header Files\support</Filter>
    </ClInclude>
    <ClInclude Include="crypto\sha512.h">
      <Filter>Header Files\crypto</Filter>
    </ClInclude>
    <ClInclude Include="utilmoneystr.h">
      <Filter>Header Files</Filter>
    </ClInclude>
    <ClInclude Include="keystore.h">
      <Filter>Header Files</Filter>
    </ClInclude>
    <ClInclude Include="base58.h">
      <Filter>Header Files</Filter>
    </ClInclude>
    <ClInclude Include="script\sign.h">
      <Filter>Header Files\script</Filter>
    </ClInclude>
    <ClInclude Include="core_io.h">
      <Filter>Header Files</Filter>
    </ClInclude>
    <ClInclude Include="rpcclient.h">
      <Filter>Header Files</Filter>
    </ClInclude>
    <ClInclude Include="wallet\wallet.h">
      <Filter>Header Files\wallet</Filter>
    </ClInclude>
    <ClInclude Include="wallet\walletdb.h">
      <Filter>Header Files\wallet</Filter>
    </ClInclude>
    <ClInclude Include="wallet\crypter.h">
      <Filter>Header Files\wallet</Filter>
    </ClInclude>
    <ClInclude Include="wallet\db.h">
      <Filter>Header Files\wallet</Filter>
    </ClInclude>
    <ClInclude Include="wallet\wallet_ismine.h">
      <Filter>Header Files\wallet</Filter>
    </ClInclude>
    <ClInclude Include="bignum.h">
      <Filter>Header Files\sfx</Filter>
    </ClInclude>
    <ClInclude Include="cuckoocache.h">
      <Filter>Header Files</Filter>
    </ClInclude>
  </ItemGroup>
  <ItemGroup>
    <MASM Include="el\bignum\x86x64\bignum-x86x64.asm">
      <Filter>Source Files\bignum</Filter>
    </MASM>
  </ItemGroup>
</Project>